// !$*UTF8*$!
{
	archiveVersion = 1;
	classes = {
	};
	objectVersion = 46;
	objects = {

/* Begin PBXBuildFile section */
		80856BD41C4C8A96005FF0CA /* main.cpp in Sources */ = {isa = PBXBuildFile; fileRef = 80856BD31C4C8A96005FF0CA /* main.cpp */; };
/* End PBXBuildFile section */

/* Begin PBXCopyFilesBuildPhase section */
		80856BC71C4C7AA6005FF0CA /* CopyFiles */ = {
			isa = PBXCopyFilesBuildPhase;
			buildActionMask = 2147483647;
			dstPath = /usr/share/man/man1/;
			dstSubfolderSpec = 0;
			files = (
			);
			runOnlyForDeploymentPostprocessing = 1;
		};
/* End PBXCopyFilesBuildPhase section */

/* Begin PBXFileReference section */
		80856BC91C4C7AA6005FF0CA /* MaxSubarray */ = {isa = PBXFileReference; explicitFileType = "compiled.mach-o.executable"; includeInIndex = 0; path = MaxSubarray; sourceTree = BUILT_PRODUCTS_DIR; };
		80856BD31C4C8A96005FF0CA /* main.cpp */ = {isa = PBXFileReference; fileEncoding = 4; lastKnownFileType = sourcecode.cpp.cpp; name = main.cpp; path = MaxSubarray/main.cpp; sourceTree = SOURCE_ROOT; };
/* End PBXFileReference section */

/* Begin PBXFrameworksBuildPhase section */
		80856BC61C4C7AA6005FF0CA /* Frameworks */ = {
			isa = PBXFrameworksBuildPhase;
			buildActionMask = 2147483647;
			files = (
			);
			runOnlyForDeploymentPostprocessing = 0;
		};
/* End PBXFrameworksBuildPhase section */

/* Begin PBXGroup section */
		80856BC01C4C7AA6005FF0CA = {
			isa = PBXGroup;
			children = (
				80856BCB1C4C7AA6005FF0CA /* MaxSubarray */,
				80856BCA1C4C7AA6005FF0CA /* Products */,
			);
			sourceTree = "<group>";
		};
		80856BCA1C4C7AA6005FF0CA /* Products */ = {
			isa = PBXGroup;
			children = (
				80856BC91C4C7AA6005FF0CA /* MaxSubarray */,
			);
			name = Products;
			sourceTree = "<group>";
		};
		80856BCB1C4C7AA6005FF0CA /* MaxSubarray */ = {
			isa = PBXGroup;
			children = (
				80856BD31C4C8A96005FF0CA /* main.cpp */,
			);
			name = MaxSubarray;
			path = LinkedList;
			sourceTree = "<group>";
		};
/* End PBXGroup section */

/* Begin PBXNativeTarget section */
		80856BC81C4C7AA6005FF0CA /* MaxSubarray */ = {
			isa = PBXNativeTarget;
			buildConfigurationList = 80856BD01C4C7AA6005FF0CA /* Build configuration list for PBXNativeTarget "MaxSubarray" */;
			buildPhases = (
				80856BC51C4C7AA6005FF0CA /* Sources */,
				80856BC61C4C7AA6005FF0CA /* Frameworks */,
				80856BC71C4C7AA6005FF0CA /* CopyFiles */,
			);
			buildRules = (
			);
			dependencies = (
			);
			name = MaxSubarray;
			productName = LinkedList;
			productReference = 80856BC91C4C7AA6005FF0CA /* MaxSubarray */;
			productType = "com.apple.product-type.tool";
		};
/* End PBXNativeTarget section */

/* Begin PBXProject section */
		80856BC11C4C7AA6005FF0CA /* Project object */ = {
			isa = PBXProject;
			attributes = {
				LastUpgradeCheck = 0710;
				ORGANIZATIONNAME = "Sriram Vellangallor Subramanian";
				TargetAttributes = {
					80856BC81C4C7AA6005FF0CA = {
						CreatedOnToolsVersion = 7.1.1;
					};
				};
			};
			buildConfigurationList = 80856BC41C4C7AA6005FF0CA /* Build configuration list for PBXProject "MaxSubarray" */;
			compatibilityVersion = "Xcode 3.2";
			developmentRegion = English;
			hasScannedForEncodings = 0;
			knownRegions = (
				en,
			);
			mainGroup = 80856BC01C4C7AA6005FF0CA;
			productRefGroup = 80856BCA1C4C7AA6005FF0CA /* Products */;
			projectDirPath = "";
			projectRoot = "";
			targets = (
				80856BC81C4C7AA6005FF0CA /* MaxSubarray */,
			);
		};
/* End PBXProject section */

/* Begin PBXSourcesBuildPhase section */
		80856BC51C4C7AA6005FF0CA /* Sources */ = {
			isa = PBXSourcesBuildPhase;
			buildActionMask = 2147483647;
			files = (
				80856BD41C4C8A96005FF0CA /* main.cpp in Sources */,
			);
			runOnlyForDeploymentPostprocessing = 0;
		};
/* End PBXSourcesBuildPhase section */

/* Begin XCBuildConfiguration section */
		80856BCE1C4C7AA6005FF0CA /* Debug */ = {
			isa = XCBuildConfiguration;
			buildSettings = {
				ALWAYS_SEARCH_USER_PATHS = NO;
				CLANG_CXX_LANGUAGE_STANDARD = "gnu++0x";
				CLANG_CXX_LIBRARY = "libc++";
				CLANG_ENABLE_MODULES = YES;
				CLANG_ENABLE_OBJC_ARC = YES;
				CLANG_WARN_BOOL_CONVERSION = YES;
				CLANG_WARN_CONSTANT_CONVERSION = YES;
				CLANG_WARN_DIRECT_OBJC_ISA_USAGE = YES_ERROR;
				CLANG_WARN_EMPTY_BODY = YES;
				CLANG_WARN_ENUM_CONVERSION = YES;
				CLANG_WARN_INT_CONVERSION = YES;
				CLANG_WARN_OBJC_ROOT_CLASS = YES_ERROR;
				CLANG_WARN_UNREACHABLE_CODE = YES;
				CLANG_WARN__DUPLICATE_METHOD_MATCH = YES;
				CODE_SIGN_IDENTITY = "-";
				COPY_PHASE_STRIP = NO;
				DEBUG_INFORMATION_FORMAT = dwarf;
				ENABLE_STRICT_OBJC_MSGSEND = YES;
				ENABLE_TESTABILITY = YES;
				GCC_C_LANGUAGE_STANDARD = gnu99;
				GCC_DYNAMIC_NO_PIC = NO;
				GCC_NO_COMMON_BLOCKS = YES;
				GCC_OPTIMIZATION_LEVEL = 0;
				GCC_PREPROCESSOR_DEFINITIONS = (
					"DEBUG=1",
					"$(inherited)",
				);
				GCC_WARN_64_TO_32_BIT_CONVERSION = YES;
				GCC_WARN_ABOUT_RETURN_TYPE = YES_ERROR;
				GCC_WARN_UNDECLARED_SELECTOR = YES;
				GCC_WARN_UNINITIALIZED_AUTOS = YES_AGGRESSIVE;
				GCC_WARN_UNUSED_FUNCTION = YES;
				GCC_WARN_UNUSED_VARIABLE = YES;
				MACOSX_DEPLOYMENT_TARGET = 10.11;
				MTL_ENABLE_DEBUG_INFO = YES;
				ONLY_ACTIVE_ARCH = YES;
				SDKROOT = macosx;
			};
			name = Debug;
		};
		80856BCF1C4C7AA6005FF0CA /* Release */ = {
			isa = XCBuildConfiguration;
			buildSettings = {
				ALWAYS_SEARCH_USER_PATHS = NO;
				CLANG_CXX_LANGUAGE_STANDARD = "gnu++0x";
				CLANG_CXX_LIBRARY = "libc++";
				CLANG_ENABLE_MODULES = YES;
				CLANG_ENABLE_OBJC_ARC = YES;
				CLANG_WARN_BOOL_CONVERSION = YES;
				CLANG_WARN_CONSTANT_CONVERSION = YES;
				CLANG_WARN_DIRECT_OBJC_ISA_USAGE = YES_ERROR;
				CLANG_WARN_EMPTY_BODY = YES;
				CLANG_WARN_ENUM_CONVERSION = YES;
				CLANG_WARN_INT_CONVERSION = YES;
				CLANG_WARN_OBJC_ROOT_CLASS = YES_ERROR;
				CLANG_WARN_UNREACHABLE_CODE = YES;
				CLANG_WARN__DUPLICATE_METHOD_MATCH = YES;
				CODE_SIGN_IDENTITY = "-";
				COPY_PHASE_STRIP = NO;
				DEBUG_INFORMATION_FORMAT = "dwarf-with-dsym";
				ENABLE_NS_ASSERTIONS = NO;
				ENABLE_STRICT_OBJC_MSGSEND = YES;
				GCC_C_LANGUAGE_STANDARD = gnu99;
				GCC_NO_COMMON_BLOCKS = YES;
				GCC_WARN_64_TO_32_BIT_CONVERSION = YES;
				GCC_WARN_ABOUT_RETURN_TYPE = YES_ERROR;
				GCC_WARN_UNDECLARED_SELECTOR = YES;
				GCC_WARN_UNINITIALIZED_AUTOS = YES_AGGRESSIVE;
				GCC_WARN_UNUSED_FUNCTION = YES;
				GCC_WARN_UNUSED_VARIABLE = YES;
				MACOSX_DEPLOYMENT_TARGET = 10.11;
				MTL_ENABLE_DEBUG_INFO = NO;
				SDKROOT = macosx;
			};
			name = Release;
		};
		80856BD11C4C7AA6005FF0CA /* Debug */ = {
			isa = XCBuildConfiguration;
			buildSettings = {
				PRODUCT_NAME = MaxSubarray;
			};
			name = Debug;
		};
		80856BD21C4C7AA6005FF0CA /* Release */ = {
			isa = XCBuildConfiguration;
			buildSettings = {
				PRODUCT_NAME = MaxSubarray;
			};
			name = Release;
		};
/* End XCBuildConfiguration section */

/* Begin XCConfigurationList section */
		80856BC41C4C7AA6005FF0CA /* Build configuration list for PBXProject "MaxSubarray" */ = {
			isa = XCConfigurationList;
			buildConfigurations = (
				80856BCE1C4C7AA6005FF0CA /* Debug */,
				80856BCF1C4C7AA6005FF0CA /* Release */,
			);
			defaultConfigurationIsVisible = 0;
			defaultConfigurationName = Release;
		};
		80856BD01C4C7AA6005FF0CA /* Build configuration list for PBXNativeTarget "MaxSubarray" */ = {
			isa = XCConfigurationList;
			buildConfigurations = (
				80856BD11C4C7AA6005FF0CA /* Debug */,
				80856BD21C4C7AA6005FF0CA /* Release */,
			);
			defaultConfigurationIsVisible = 0;
			defaultConfigurationName = Release;
		};
/* End XCConfigurationList section */
	};
	rootObject = 80856BC11C4C7AA6005FF0CA /* Project object */;
}
